
Microsoft Visual Studio Solution File, Format Version 12.00
# Visual Studio Version 16
VisualStudioVersion = 16.0.28803.202
MinimumVisualStudioVersion = 10.0.40219.1
Project("{9A19103F-16F7-4668-BE54-9A1E7A4F7556}") = "Swords.EventHubReader", "Swords.EventHubReader\Swords.EventHubReader.csproj", "{A95DB3A1-B7AD-4BF2-9284-DFFF5F28FBA1}"
EndProject
Project("{9A19103F-16F7-4668-BE54-9A1E7A4F7556}") = "Swords.EventHub.Contracts", "Swords.EventHub.Contracts\Swords.EventHub.Contracts.csproj", "{484599D1-805E-425D-B15D-C4899F477E25}"
EndProject
Global
	GlobalSection(SolutionConfigurationPlatforms) = preSolution
		Debug|Any CPU = Debug|Any CPU
		Release|Any CPU = Release|Any CPU
	EndGlobalSection
	GlobalSection(ProjectConfigurationPlatforms) = postSolution
		{A95DB3A1-B7AD-4BF2-9284-DFFF5F28FBA1}.Debug|Any CPU.ActiveCfg = Debug|Any CPU
		{A95DB3A1-B7AD-4BF2-9284-DFFF5F28FBA1}.Debug|Any CPU.Build.0 = Debug|Any CPU
		{A95DB3A1-B7AD-4BF2-9284-DFFF5F28FBA1}.Release|Any CPU.ActiveCfg = Release|Any CPU
		{A95DB3A1-B7AD-4BF2-9284-DFFF5F28FBA1}.Release|Any CPU.Build.0 = Release|Any CPU
		{484599D1-805E-425D-B15D-C4899F477E25}.Debug|Any CPU.ActiveCfg = Debug|Any CPU
		{484599D1-805E-425D-B15D-C4899F477E25}.Debug|Any CPU.Build.0 = Debug|Any CPU
		{484599D1-805E-425D-B15D-C4899F477E25}.Release|Any CPU.ActiveCfg = Release|Any CPU
		{484599D1-805E-425D-B15D-C4899F477E25}.Release|Any CPU.Build.0 = Release|Any CPU
	EndGlobalSection
	GlobalSection(SolutionProperties) = preSolution
		HideSolutionNode = FALSE
	EndGlobalSection
	GlobalSection(ExtensibilityGlobals) = postSolution
		SolutionGuid = {270E5BD3-E60A-458D-94DD-0DBE59FA2665}
	EndGlobalSection
EndGlobal
